// !$*UTF8*$!
{
	archiveVersion = 1;
	classes = {
	};
	objectVersion = 54;
	objects = {

/* Begin PBXBuildFile section */
		3638DDDF6556AF7A92395BC7 /* Pods_SpentStorage.framework in Frameworks */ = {isa = PBXBuildFile; fileRef = 2CEAA9DDD541497F0A44CC55 /* Pods_SpentStorage.framework */; };
		554B0F9329112C8200B8539B /* CategoryEntity+CoreDataClass.swift in Sources */ = {isa = PBXBuildFile; fileRef = 554B0F8F29112C8200B8539B /* CategoryEntity+CoreDataClass.swift */; };
		554B0F9429112C8200B8539B /* CategoryEntity+CoreDataProperties.swift in Sources */ = {isa = PBXBuildFile; fileRef = 554B0F9029112C8200B8539B /* CategoryEntity+CoreDataProperties.swift */; };
		554B0F9529112C8200B8539B /* SpentEntity+CoreDataClass.swift in Sources */ = {isa = PBXBuildFile; fileRef = 554B0F9129112C8200B8539B /* SpentEntity+CoreDataClass.swift */; };
		554B0F9629112C8200B8539B /* SpentEntity+CoreDataProperties.swift in Sources */ = {isa = PBXBuildFile; fileRef = 554B0F9229112C8200B8539B /* SpentEntity+CoreDataProperties.swift */; };
		554B0F982911321200B8539B /* CoreDataManager.swift in Sources */ = {isa = PBXBuildFile; fileRef = 554B0F972911321200B8539B /* CoreDataManager.swift */; };
		554B0F9B2911354300B8539B /* SpentService.swift in Sources */ = {isa = PBXBuildFile; fileRef = 554B0F9A2911354300B8539B /* SpentService.swift */; };
		554B0F9E291135A800B8539B /* CategoryModel.swift in Sources */ = {isa = PBXBuildFile; fileRef = 554B0F9D291135A800B8539B /* CategoryModel.swift */; };
		554B0FA029127C6900B8539B /* SpentModel.swift in Sources */ = {isa = PBXBuildFile; fileRef = 554B0F9F29127C6900B8539B /* SpentModel.swift */; };
		554B0FA3291548A400B8539B /* SpentViewPresenter.swift in Sources */ = {isa = PBXBuildFile; fileRef = 554B0FA2291548A400B8539B /* SpentViewPresenter.swift */; };
		554B0FA5291844E200B8539B /* UIViewControllerExtension.swift in Sources */ = {isa = PBXBuildFile; fileRef = 554B0FA4291844E200B8539B /* UIViewControllerExtension.swift */; };
		554B0FA729199E7600B8539B /* DayViewPresenter.swift in Sources */ = {isa = PBXBuildFile; fileRef = 554B0FA629199E7600B8539B /* DayViewPresenter.swift */; };
		554B0FA9291A6C4000B8539B /* FloatExtension.swift in Sources */ = {isa = PBXBuildFile; fileRef = 554B0FA8291A6C4000B8539B /* FloatExtension.swift */; };
		554B0FAB291AF61000B8539B /* UIFontExtension.swift in Sources */ = {isa = PBXBuildFile; fileRef = 554B0FAA291AF61000B8539B /* UIFontExtension.swift */; };
		554B0FAD291BA9C500B8539B /* SpentViewCell.swift in Sources */ = {isa = PBXBuildFile; fileRef = 554B0FAC291BA9C500B8539B /* SpentViewCell.swift */; };
		5584A25729093EB500A2E0DA /* AppDelegate.swift in Sources */ = {isa = PBXBuildFile; fileRef = 5584A25629093EB500A2E0DA /* AppDelegate.swift */; };
		5584A25929093EB500A2E0DA /* SceneDelegate.swift in Sources */ = {isa = PBXBuildFile; fileRef = 5584A25829093EB500A2E0DA /* SceneDelegate.swift */; };
		5584A25B29093EB500A2E0DA /* DayViewController.swift in Sources */ = {isa = PBXBuildFile; fileRef = 5584A25A29093EB500A2E0DA /* DayViewController.swift */; };
		5584A26129093EB500A2E0DA /* SpentStorage.xcdatamodeld in Sources */ = {isa = PBXBuildFile; fileRef = 5584A25F29093EB500A2E0DA /* SpentStorage.xcdatamodeld */; };
		5584A26329093EB600A2E0DA /* Assets.xcassets in Resources */ = {isa = PBXBuildFile; fileRef = 5584A26229093EB600A2E0DA /* Assets.xcassets */; };
		5584A26629093EB600A2E0DA /* LaunchScreen.storyboard in Resources */ = {isa = PBXBuildFile; fileRef = 5584A26429093EB600A2E0DA /* LaunchScreen.storyboard */; };
		5584A272290976A200A2E0DA /* TabBarController.swift in Sources */ = {isa = PBXBuildFile; fileRef = 5584A271290976A200A2E0DA /* TabBarController.swift */; };
		5584A275290A8DA200A2E0DA /* UIColorExtension.swift in Sources */ = {isa = PBXBuildFile; fileRef = 5584A274290A8DA200A2E0DA /* UIColorExtension.swift */; };
		5584A277290A95F700A2E0DA /* NavigationController.swift in Sources */ = {isa = PBXBuildFile; fileRef = 5584A276290A95F700A2E0DA /* NavigationController.swift */; };
		5584A279290A9CA200A2E0DA /* StatisticsViewController.swift in Sources */ = {isa = PBXBuildFile; fileRef = 5584A278290A9CA200A2E0DA /* StatisticsViewController.swift */; };
		5584A27C290AD16F00A2E0DA /* SpentViewController.swift in Sources */ = {isa = PBXBuildFile; fileRef = 5584A27B290AD16F00A2E0DA /* SpentViewController.swift */; };
		5584A27E290C400D00A2E0DA /* Colors.swift in Sources */ = {isa = PBXBuildFile; fileRef = 5584A27D290C400D00A2E0DA /* Colors.swift */; };
		55A5D57F29224C880049533D /* StatisticsViewPresenter.swift in Sources */ = {isa = PBXBuildFile; fileRef = 55A5D57E29224C880049533D /* StatisticsViewPresenter.swift */; };
		55D6C459291D0B2D00750811 /* EmptySpentsView.swift in Sources */ = {isa = PBXBuildFile; fileRef = 55D6C458291D0B2D00750811 /* EmptySpentsView.swift */; };
/* End PBXBuildFile section */

/* Begin PBXFileReference section */
		2CEAA9DDD541497F0A44CC55 /* Pods_SpentStorage.framework */ = {isa = PBXFileReference; explicitFileType = wrapper.framework; includeInIndex = 0; path = Pods_SpentStorage.framework; sourceTree = BUILT_PRODUCTS_DIR; };
		554B0F8F29112C8200B8539B /* CategoryEntity+CoreDataClass.swift */ = {isa = PBXFileReference; lastKnownFileType = sourcecode.swift; path = "CategoryEntity+CoreDataClass.swift"; sourceTree = "<group>"; };
		554B0F9029112C8200B8539B /* CategoryEntity+CoreDataProperties.swift */ = {isa = PBXFileReference; lastKnownFileType = sourcecode.swift; path = "CategoryEntity+CoreDataProperties.swift"; sourceTree = "<group>"; };
		554B0F9129112C8200B8539B /* SpentEntity+CoreDataClass.swift */ = {isa = PBXFileReference; lastKnownFileType = sourcecode.swift; path = "SpentEntity+CoreDataClass.swift"; sourceTree = "<group>"; };
		554B0F9229112C8200B8539B /* SpentEntity+CoreDataProperties.swift */ = {isa = PBXFileReference; lastKnownFileType = sourcecode.swift; path = "SpentEntity+CoreDataProperties.swift"; sourceTree = "<group>"; };
		554B0F972911321200B8539B /* CoreDataManager.swift */ = {isa = PBXFileReference; lastKnownFileType = sourcecode.swift; path = CoreDataManager.swift; sourceTree = "<group>"; };
		554B0F9A2911354300B8539B /* SpentService.swift */ = {isa = PBXFileReference; lastKnownFileType = sourcecode.swift; path = SpentService.swift; sourceTree = "<group>"; };
		554B0F9D291135A800B8539B /* CategoryModel.swift */ = {isa = PBXFileReference; lastKnownFileType = sourcecode.swift; path = CategoryModel.swift; sourceTree = "<group>"; };
		554B0F9F29127C6900B8539B /* SpentModel.swift */ = {isa = PBXFileReference; lastKnownFileType = sourcecode.swift; path = SpentModel.swift; sourceTree = "<group>"; };
		554B0FA2291548A400B8539B /* SpentViewPresenter.swift */ = {isa = PBXFileReference; lastKnownFileType = sourcecode.swift; path = SpentViewPresenter.swift; sourceTree = "<group>"; };
		554B0FA4291844E200B8539B /* UIViewControllerExtension.swift */ = {isa = PBXFileReference; lastKnownFileType = sourcecode.swift; path = UIViewControllerExtension.swift; sourceTree = "<group>"; };
		554B0FA629199E7600B8539B /* DayViewPresenter.swift */ = {isa = PBXFileReference; lastKnownFileType = sourcecode.swift; path = DayViewPresenter.swift; sourceTree = "<group>"; };
		554B0FA8291A6C4000B8539B /* FloatExtension.swift */ = {isa = PBXFileReference; lastKnownFileType = sourcecode.swift; path = FloatExtension.swift; sourceTree = "<group>"; };
		554B0FAA291AF61000B8539B /* UIFontExtension.swift */ = {isa = PBXFileReference; lastKnownFileType = sourcecode.swift; path = UIFontExtension.swift; sourceTree = "<group>"; };
		554B0FAC291BA9C500B8539B /* SpentViewCell.swift */ = {isa = PBXFileReference; lastKnownFileType = sourcecode.swift; path = SpentViewCell.swift; sourceTree = "<group>"; };
		5584A25329093EB500A2E0DA /* SpentStorage.app */ = {isa = PBXFileReference; explicitFileType = wrapper.application; includeInIndex = 0; path = SpentStorage.app; sourceTree = BUILT_PRODUCTS_DIR; };
		5584A25629093EB500A2E0DA /* AppDelegate.swift */ = {isa = PBXFileReference; lastKnownFileType = sourcecode.swift; path = AppDelegate.swift; sourceTree = "<group>"; };
		5584A25829093EB500A2E0DA /* SceneDelegate.swift */ = {isa = PBXFileReference; lastKnownFileType = sourcecode.swift; path = SceneDelegate.swift; sourceTree = "<group>"; };
		5584A25A29093EB500A2E0DA /* DayViewController.swift */ = {isa = PBXFileReference; lastKnownFileType = sourcecode.swift; path = DayViewController.swift; sourceTree = "<group>"; };
		5584A26029093EB500A2E0DA /* SpentStorage.xcdatamodel */ = {isa = PBXFileReference; lastKnownFileType = wrapper.xcdatamodel; path = SpentStorage.xcdatamodel; sourceTree = "<group>"; };
		5584A26229093EB600A2E0DA /* Assets.xcassets */ = {isa = PBXFileReference; lastKnownFileType = folder.assetcatalog; path = Assets.xcassets; sourceTree = "<group>"; };
		5584A26529093EB600A2E0DA /* Base */ = {isa = PBXFileReference; lastKnownFileType = file.storyboard; name = Base; path = Base.lproj/LaunchScreen.storyboard; sourceTree = "<group>"; };
		5584A26729093EB600A2E0DA /* Info.plist */ = {isa = PBXFileReference; lastKnownFileType = text.plist.xml; path = Info.plist; sourceTree = "<group>"; };
		5584A271290976A200A2E0DA /* TabBarController.swift */ = {isa = PBXFileReference; lastKnownFileType = sourcecode.swift; path = TabBarController.swift; sourceTree = "<group>"; };
		5584A274290A8DA200A2E0DA /* UIColorExtension.swift */ = {isa = PBXFileReference; lastKnownFileType = sourcecode.swift; path = UIColorExtension.swift; sourceTree = "<group>"; };
		5584A276290A95F700A2E0DA /* NavigationController.swift */ = {isa = PBXFileReference; lastKnownFileType = sourcecode.swift; path = NavigationController.swift; sourceTree = "<group>"; };
		5584A278290A9CA200A2E0DA /* StatisticsViewController.swift */ = {isa = PBXFileReference; lastKnownFileType = sourcecode.swift; path = StatisticsViewController.swift; sourceTree = "<group>"; };
		5584A27B290AD16F00A2E0DA /* SpentViewController.swift */ = {isa = PBXFileReference; lastKnownFileType = sourcecode.swift; path = SpentViewController.swift; sourceTree = "<group>"; };
		5584A27D290C400D00A2E0DA /* Colors.swift */ = {isa = PBXFileReference; lastKnownFileType = sourcecode.swift; path = Colors.swift; sourceTree = "<group>"; };
		55A5D57E29224C880049533D /* StatisticsViewPresenter.swift */ = {isa = PBXFileReference; lastKnownFileType = sourcecode.swift; path = StatisticsViewPresenter.swift; sourceTree = "<group>"; };
		55D6C458291D0B2D00750811 /* EmptySpentsView.swift */ = {isa = PBXFileReference; lastKnownFileType = sourcecode.swift; path = EmptySpentsView.swift; sourceTree = "<group>"; };
		72D0E7158839033B063060AF /* Pods-SpentStorage.debug.xcconfig */ = {isa = PBXFileReference; includeInIndex = 1; lastKnownFileType = text.xcconfig; name = "Pods-SpentStorage.debug.xcconfig"; path = "Target Support Files/Pods-SpentStorage/Pods-SpentStorage.debug.xcconfig"; sourceTree = "<group>"; };
		7F332EE1FBB24BEA0AD7F6F4 /* Pods-SpentStorage.release.xcconfig */ = {isa = PBXFileReference; includeInIndex = 1; lastKnownFileType = text.xcconfig; name = "Pods-SpentStorage.release.xcconfig"; path = "Target Support Files/Pods-SpentStorage/Pods-SpentStorage.release.xcconfig"; sourceTree = "<group>"; };
/* End PBXFileReference section */

/* Begin PBXFrameworksBuildPhase section */
		5584A25029093EB500A2E0DA /* Frameworks */ = {
			isa = PBXFrameworksBuildPhase;
			buildActionMask = 2147483647;
			files = (
				3638DDDF6556AF7A92395BC7 /* Pods_SpentStorage.framework in Frameworks */,
			);
			runOnlyForDeploymentPostprocessing = 0;
		};
/* End PBXFrameworksBuildPhase section */

/* Begin PBXGroup section */
		13519CADDC76FE79B06A1706 /* Pods */ = {
			isa = PBXGroup;
			children = (
				72D0E7158839033B063060AF /* Pods-SpentStorage.debug.xcconfig */,
				7F332EE1FBB24BEA0AD7F6F4 /* Pods-SpentStorage.release.xcconfig */,
			);
			path = Pods;
			sourceTree = "<group>";
		};
		45EF02A0EFEE9962B64B62BE /* Frameworks */ = {
			isa = PBXGroup;
			children = (
				2CEAA9DDD541497F0A44CC55 /* Pods_SpentStorage.framework */,
			);
			name = Frameworks;
			sourceTree = "<group>";
		};
		554B0F992911351D00B8539B /* Services */ = {
			isa = PBXGroup;
			children = (
				554B0F9A2911354300B8539B /* SpentService.swift */,
			);
			path = Services;
			sourceTree = "<group>";
		};
		554B0F9C2911358500B8539B /* Models */ = {
			isa = PBXGroup;
			children = (
				554B0F9D291135A800B8539B /* CategoryModel.swift */,
				554B0F9F29127C6900B8539B /* SpentModel.swift */,
			);
			path = Models;
			sourceTree = "<group>";
		};
		554B0FA12915488000B8539B /* Presenters */ = {
			isa = PBXGroup;
			children = (
				554B0FA2291548A400B8539B /* SpentViewPresenter.swift */,
				554B0FA629199E7600B8539B /* DayViewPresenter.swift */,
				55A5D57E29224C880049533D /* StatisticsViewPresenter.swift */,
			);
			path = Presenters;
			sourceTree = "<group>";
		};
		5584A24A29093EB500A2E0DA = {
			isa = PBXGroup;
			children = (
				5584A25529093EB500A2E0DA /* SpentStorage */,
				5584A25429093EB500A2E0DA /* Products */,
				13519CADDC76FE79B06A1706 /* Pods */,
				45EF02A0EFEE9962B64B62BE /* Frameworks */,
			);
			sourceTree = "<group>";
		};
		5584A25429093EB500A2E0DA /* Products */ = {
			isa = PBXGroup;
			children = (
				5584A25329093EB500A2E0DA /* SpentStorage.app */,
			);
			name = Products;
			sourceTree = "<group>";
		};
		5584A25529093EB500A2E0DA /* SpentStorage */ = {
			isa = PBXGroup;
			children = (
				554B0FA12915488000B8539B /* Presenters */,
				554B0F9C2911358500B8539B /* Models */,
				554B0F992911351D00B8539B /* Services */,
				5584A273290A8D8200A2E0DA /* Extensions */,
				5584A2702909431400A2E0DA /* CoreDB */,
				5584A26F290942F800A2E0DA /* Views */,
				5584A27A290AA05B00A2E0DA /* Controllers */,
				5584A26E290942D900A2E0DA /* Resources */,
				5584A26D2909426C00A2E0DA /* Application */,
				5584A26729093EB600A2E0DA /* Info.plist */,
			);
			path = SpentStorage;
			sourceTree = "<group>";
		};
		5584A26D2909426C00A2E0DA /* Application */ = {
			isa = PBXGroup;
			children = (
				5584A25629093EB500A2E0DA /* AppDelegate.swift */,
				5584A25829093EB500A2E0DA /* SceneDelegate.swift */,
			);
			path = Application;
			sourceTree = "<group>";
		};
		5584A26E290942D900A2E0DA /* Resources */ = {
			isa = PBXGroup;
			children = (
				5584A26229093EB600A2E0DA /* Assets.xcassets */,
				5584A27D290C400D00A2E0DA /* Colors.swift */,
			);
			path = Resources;
			sourceTree = "<group>";
		};
		5584A26F290942F800A2E0DA /* Views */ = {
			isa = PBXGroup;
			children = (
				5584A26429093EB600A2E0DA /* LaunchScreen.storyboard */,
				554B0FAC291BA9C500B8539B /* SpentViewCell.swift */,
				55D6C458291D0B2D00750811 /* EmptySpentsView.swift */,
			);
			path = Views;
			sourceTree = "<group>";
		};
		5584A2702909431400A2E0DA /* CoreDB */ = {
			isa = PBXGroup;
			children = (
				554B0F8F29112C8200B8539B /* CategoryEntity+CoreDataClass.swift */,
				554B0F9029112C8200B8539B /* CategoryEntity+CoreDataProperties.swift */,
				554B0F9129112C8200B8539B /* SpentEntity+CoreDataClass.swift */,
				554B0F9229112C8200B8539B /* SpentEntity+CoreDataProperties.swift */,
				5584A25F29093EB500A2E0DA /* SpentStorage.xcdatamodeld */,
				554B0F972911321200B8539B /* CoreDataManager.swift */,
			);
			path = CoreDB;
			sourceTree = "<group>";
		};
		5584A273290A8D8200A2E0DA /* Extensions */ = {
			isa = PBXGroup;
			children = (
				5584A274290A8DA200A2E0DA /* UIColorExtension.swift */,
				554B0FA4291844E200B8539B /* UIViewControllerExtension.swift */,
				554B0FAA291AF61000B8539B /* UIFontExtension.swift */,
				554B0FA8291A6C4000B8539B /* FloatExtension.swift */,
			);
			path = Extensions;
			sourceTree = "<group>";
		};
		5584A27A290AA05B00A2E0DA /* Controllers */ = {
			isa = PBXGroup;
			children = (
				5584A25A29093EB500A2E0DA /* DayViewController.swift */,
				5584A278290A9CA200A2E0DA /* StatisticsViewController.swift */,
				5584A27B290AD16F00A2E0DA /* SpentViewController.swift */,
				5584A271290976A200A2E0DA /* TabBarController.swift */,
				5584A276290A95F700A2E0DA /* NavigationController.swift */,
			);
			path = Controllers;
			sourceTree = "<group>";
		};
/* End PBXGroup section */

/* Begin PBXNativeTarget section */
		5584A25229093EB500A2E0DA /* SpentStorage */ = {
			isa = PBXNativeTarget;
			buildConfigurationList = 5584A26A29093EB600A2E0DA /* Build configuration list for PBXNativeTarget "SpentStorage" */;
			buildPhases = (
				3244E9775DDE3EE9A63F1936 /* [CP] Check Pods Manifest.lock */,
				5584A24F29093EB500A2E0DA /* Sources */,
				5584A25029093EB500A2E0DA /* Frameworks */,
				5584A25129093EB500A2E0DA /* Resources */,
				5B581AC60099B95E96B17BDF /* [CP] Embed Pods Frameworks */,
			);
			buildRules = (
			);
			dependencies = (
			);
			name = SpentStorage;
			productName = SpentStorage;
			productReference = 5584A25329093EB500A2E0DA /* SpentStorage.app */;
			productType = "com.apple.product-type.application";
		};
/* End PBXNativeTarget section */

/* Begin PBXProject section */
		5584A24B29093EB500A2E0DA /* Project object */ = {
			isa = PBXProject;
			attributes = {
				BuildIndependentTargetsInParallel = 1;
				LastSwiftUpdateCheck = 1320;
				LastUpgradeCheck = 1320;
				TargetAttributes = {
					5584A25229093EB500A2E0DA = {
						CreatedOnToolsVersion = 13.2.1;
					};
				};
			};
			buildConfigurationList = 5584A24E29093EB500A2E0DA /* Build configuration list for PBXProject "SpentStorage" */;
			compatibilityVersion = "Xcode 12.0";
			developmentRegion = en;
			hasScannedForEncodings = 0;
			knownRegions = (
				en,
				Base,
			);
			mainGroup = 5584A24A29093EB500A2E0DA;
			productRefGroup = 5584A25429093EB500A2E0DA /* Products */;
			projectDirPath = "";
			projectRoot = "";
			targets = (
				5584A25229093EB500A2E0DA /* SpentStorage */,
			);
		};
/* End PBXProject section */

/* Begin PBXResourcesBuildPhase section */
		5584A25129093EB500A2E0DA /* Resources */ = {
			isa = PBXResourcesBuildPhase;
			buildActionMask = 2147483647;
			files = (
				5584A26629093EB600A2E0DA /* LaunchScreen.storyboard in Resources */,
				5584A26329093EB600A2E0DA /* Assets.xcassets in Resources */,
			);
			runOnlyForDeploymentPostprocessing = 0;
		};
/* End PBXResourcesBuildPhase section */

/* Begin PBXShellScriptBuildPhase section */
		3244E9775DDE3EE9A63F1936 /* [CP] Check Pods Manifest.lock */ = {
			isa = PBXShellScriptBuildPhase;
			buildActionMask = 2147483647;
			files = (
			);
			inputFileListPaths = (
			);
			inputPaths = (
				"${PODS_PODFILE_DIR_PATH}/Podfile.lock",
				"${PODS_ROOT}/Manifest.lock",
			);
			name = "[CP] Check Pods Manifest.lock";
			outputFileListPaths = (
			);
			outputPaths = (
				"$(DERIVED_FILE_DIR)/Pods-SpentStorage-checkManifestLockResult.txt",
			);
			runOnlyForDeploymentPostprocessing = 0;
			shellPath = /bin/sh;
			shellScript = "diff \"${PODS_PODFILE_DIR_PATH}/Podfile.lock\" \"${PODS_ROOT}/Manifest.lock\" > /dev/null\nif [ $? != 0 ] ; then\n    # print error to STDERR\n    echo \"error: The sandbox is not in sync with the Podfile.lock. Run 'pod install' or update your CocoaPods installation.\" >&2\n    exit 1\nfi\n# This output is used by Xcode 'outputs' to avoid re-running this script phase.\necho \"SUCCESS\" > \"${SCRIPT_OUTPUT_FILE_0}\"\n";
			showEnvVarsInLog = 0;
		};
		5B581AC60099B95E96B17BDF /* [CP] Embed Pods Frameworks */ = {
			isa = PBXShellScriptBuildPhase;
			buildActionMask = 2147483647;
			files = (
			);
			inputFileListPaths = (
				"${PODS_ROOT}/Target Support Files/Pods-SpentStorage/Pods-SpentStorage-frameworks-${CONFIGURATION}-input-files.xcfilelist",
			);
			name = "[CP] Embed Pods Frameworks";
			outputFileListPaths = (
				"${PODS_ROOT}/Target Support Files/Pods-SpentStorage/Pods-SpentStorage-frameworks-${CONFIGURATION}-output-files.xcfilelist",
			);
			runOnlyForDeploymentPostprocessing = 0;
			shellPath = /bin/sh;
			shellScript = "\"${PODS_ROOT}/Target Support Files/Pods-SpentStorage/Pods-SpentStorage-frameworks.sh\"\n";
			showEnvVarsInLog = 0;
		};
/* End PBXShellScriptBuildPhase section */

/* Begin PBXSourcesBuildPhase section */
		5584A24F29093EB500A2E0DA /* Sources */ = {
			isa = PBXSourcesBuildPhase;
			buildActionMask = 2147483647;
			files = (
				554B0F9429112C8200B8539B /* CategoryEntity+CoreDataProperties.swift in Sources */,
				5584A27C290AD16F00A2E0DA /* SpentViewController.swift in Sources */,
				5584A27E290C400D00A2E0DA /* Colors.swift in Sources */,
				554B0F982911321200B8539B /* CoreDataManager.swift in Sources */,
				554B0FAB291AF61000B8539B /* UIFontExtension.swift in Sources */,
				554B0F9E291135A800B8539B /* CategoryModel.swift in Sources */,
				554B0FA729199E7600B8539B /* DayViewPresenter.swift in Sources */,
				5584A26129093EB500A2E0DA /* SpentStorage.xcdatamodeld in Sources */,
				5584A25B29093EB500A2E0DA /* DayViewController.swift in Sources */,
				554B0F9629112C8200B8539B /* SpentEntity+CoreDataProperties.swift in Sources */,
				554B0FA3291548A400B8539B /* SpentViewPresenter.swift in Sources */,
				554B0FA029127C6900B8539B /* SpentModel.swift in Sources */,
				5584A25729093EB500A2E0DA /* AppDelegate.swift in Sources */,
				554B0FA9291A6C4000B8539B /* FloatExtension.swift in Sources */,
				554B0F9B2911354300B8539B /* SpentService.swift in Sources */,
				554B0FA5291844E200B8539B /* UIViewControllerExtension.swift in Sources */,
				554B0F9329112C8200B8539B /* CategoryEntity+CoreDataClass.swift in Sources */,
				5584A279290A9CA200A2E0DA /* StatisticsViewController.swift in Sources */,
				554B0F9529112C8200B8539B /* SpentEntity+CoreDataClass.swift in Sources */,
				55D6C459291D0B2D00750811 /* EmptySpentsView.swift in Sources */,
				554B0FAD291BA9C500B8539B /* SpentViewCell.swift in Sources */,
				5584A272290976A200A2E0DA /* TabBarController.swift in Sources */,
				55A5D57F29224C880049533D /* StatisticsViewPresenter.swift in Sources */,
				5584A25929093EB500A2E0DA /* SceneDelegate.swift in Sources */,
				5584A277290A95F700A2E0DA /* NavigationController.swift in Sources */,
				5584A275290A8DA200A2E0DA /* UIColorExtension.swift in Sources */,
			);
			runOnlyForDeploymentPostprocessing = 0;
		};
/* End PBXSourcesBuildPhase section */

/* Begin PBXVariantGroup section */
		5584A26429093EB600A2E0DA /* LaunchScreen.storyboard */ = {
			isa = PBXVariantGroup;
			children = (
				5584A26529093EB600A2E0DA /* Base */,
			);
			name = LaunchScreen.storyboard;
			sourceTree = "<group>";
		};
/* End PBXVariantGroup section */

/* Begin XCBuildConfiguration section */
		5584A26829093EB600A2E0DA /* Debug */ = {
			isa = XCBuildConfiguration;
			buildSettings = {
				ALWAYS_SEARCH_USER_PATHS = NO;
				CLANG_ANALYZER_NONNULL = YES;
				CLANG_ANALYZER_NUMBER_OBJECT_CONVERSION = YES_AGGRESSIVE;
				CLANG_CXX_LANGUAGE_STANDARD = "gnu++17";
				CLANG_CXX_LIBRARY = "libc++";
				CLANG_ENABLE_MODULES = YES;
				CLANG_ENABLE_OBJC_ARC = YES;
				CLANG_ENABLE_OBJC_WEAK = YES;
				CLANG_WARN_BLOCK_CAPTURE_AUTORELEASING = YES;
				CLANG_WARN_BOOL_CONVERSION = YES;
				CLANG_WARN_COMMA = YES;
				CLANG_WARN_CONSTANT_CONVERSION = YES;
				CLANG_WARN_DEPRECATED_OBJC_IMPLEMENTATIONS = YES;
				CLANG_WARN_DIRECT_OBJC_ISA_USAGE = YES_ERROR;
				CLANG_WARN_DOCUMENTATION_COMMENTS = YES;
				CLANG_WARN_EMPTY_BODY = YES;
				CLANG_WARN_ENUM_CONVERSION = YES;
				CLANG_WARN_INFINITE_RECURSION = YES;
				CLANG_WARN_INT_CONVERSION = YES;
				CLANG_WARN_NON_LITERAL_NULL_CONVERSION = YES;
				CLANG_WARN_OBJC_IMPLICIT_RETAIN_SELF = YES;
				CLANG_WARN_OBJC_LITERAL_CONVERSION = YES;
				CLANG_WARN_OBJC_ROOT_CLASS = YES_ERROR;
				CLANG_WARN_QUOTED_INCLUDE_IN_FRAMEWORK_HEADER = YES;
				CLANG_WARN_RANGE_LOOP_ANALYSIS = YES;
				CLANG_WARN_STRICT_PROTOTYPES = YES;
				CLANG_WARN_SUSPICIOUS_MOVE = YES;
				CLANG_WARN_UNGUARDED_AVAILABILITY = YES_AGGRESSIVE;
				CLANG_WARN_UNREACHABLE_CODE = YES;
				CLANG_WARN__DUPLICATE_METHOD_MATCH = YES;
				COPY_PHASE_STRIP = NO;
				DEBUG_INFORMATION_FORMAT = dwarf;
				ENABLE_STRICT_OBJC_MSGSEND = YES;
				ENABLE_TESTABILITY = YES;
				GCC_C_LANGUAGE_STANDARD = gnu11;
				GCC_DYNAMIC_NO_PIC = NO;
				GCC_NO_COMMON_BLOCKS = YES;
				GCC_OPTIMIZATION_LEVEL = 0;
				GCC_PREPROCESSOR_DEFINITIONS = (
					"DEBUG=1",
					"$(inherited)",
				);
				GCC_WARN_64_TO_32_BIT_CONVERSION = YES;
				GCC_WARN_ABOUT_RETURN_TYPE = YES_ERROR;
				GCC_WARN_UNDECLARED_SELECTOR = YES;
				GCC_WARN_UNINITIALIZED_AUTOS = YES_AGGRESSIVE;
				GCC_WARN_UNUSED_FUNCTION = YES;
				GCC_WARN_UNUSED_VARIABLE = YES;
				IPHONEOS_DEPLOYMENT_TARGET = 15.2;
				MTL_ENABLE_DEBUG_INFO = INCLUDE_SOURCE;
				MTL_FAST_MATH = YES;
				ONLY_ACTIVE_ARCH = YES;
				SDKROOT = iphoneos;
				SWIFT_ACTIVE_COMPILATION_CONDITIONS = DEBUG;
				SWIFT_OPTIMIZATION_LEVEL = "-Onone";
			};
			name = Debug;
		};
		5584A26929093EB600A2E0DA /* Release */ = {
			isa = XCBuildConfiguration;
			buildSettings = {
				ALWAYS_SEARCH_USER_PATHS = NO;
				CLANG_ANALYZER_NONNULL = YES;
				CLANG_ANALYZER_NUMBER_OBJECT_CONVERSION = YES_AGGRESSIVE;
				CLANG_CXX_LANGUAGE_STANDARD = "gnu++17";
				CLANG_CXX_LIBRARY = "libc++";
				CLANG_ENABLE_MODULES = YES;
				CLANG_ENABLE_OBJC_ARC = YES;
				CLANG_ENABLE_OBJC_WEAK = YES;
				CLANG_WARN_BLOCK_CAPTURE_AUTORELEASING = YES;
				CLANG_WARN_BOOL_CONVERSION = YES;
				CLANG_WARN_COMMA = YES;
				CLANG_WARN_CONSTANT_CONVERSION = YES;
				CLANG_WARN_DEPRECATED_OBJC_IMPLEMENTATIONS = YES;
				CLANG_WARN_DIRECT_OBJC_ISA_USAGE = YES_ERROR;
				CLANG_WARN_DOCUMENTATION_COMMENTS = YES;
				CLANG_WARN_EMPTY_BODY = YES;
				CLANG_WARN_ENUM_CONVERSION = YES;
				CLANG_WARN_INFINITE_RECURSION = YES;
				CLANG_WARN_INT_CONVERSION = YES;
				CLANG_WARN_NON_LITERAL_NULL_CONVERSION = YES;
				CLANG_WARN_OBJC_IMPLICIT_RETAIN_SELF = YES;
				CLANG_WARN_OBJC_LITERAL_CONVERSION = YES;
				CLANG_WARN_OBJC_ROOT_CLASS = YES_ERROR;
				CLANG_WARN_QUOTED_INCLUDE_IN_FRAMEWORK_HEADER = YES;
				CLANG_WARN_RANGE_LOOP_ANALYSIS = YES;
				CLANG_WARN_STRICT_PROTOTYPES = YES;
				CLANG_WARN_SUSPICIOUS_MOVE = YES;
				CLANG_WARN_UNGUARDED_AVAILABILITY = YES_AGGRESSIVE;
				CLANG_WARN_UNREACHABLE_CODE = YES;
				CLANG_WARN__DUPLICATE_METHOD_MATCH = YES;
				COPY_PHASE_STRIP = NO;
				DEBUG_INFORMATION_FORMAT = "dwarf-with-dsym";
				ENABLE_NS_ASSERTIONS = NO;
				ENABLE_STRICT_OBJC_MSGSEND = YES;
				GCC_C_LANGUAGE_STANDARD = gnu11;
				GCC_NO_COMMON_BLOCKS = YES;
				GCC_WARN_64_TO_32_BIT_CONVERSION = YES;
				GCC_WARN_ABOUT_RETURN_TYPE = YES_ERROR;
				GCC_WARN_UNDECLARED_SELECTOR = YES;
				GCC_WARN_UNINITIALIZED_AUTOS = YES_AGGRESSIVE;
				GCC_WARN_UNUSED_FUNCTION = YES;
				GCC_WARN_UNUSED_VARIABLE = YES;
				IPHONEOS_DEPLOYMENT_TARGET = 15.2;
				MTL_ENABLE_DEBUG_INFO = NO;
				MTL_FAST_MATH = YES;
				SDKROOT = iphoneos;
				SWIFT_COMPILATION_MODE = wholemodule;
				SWIFT_OPTIMIZATION_LEVEL = "-O";
				VALIDATE_PRODUCT = YES;
			};
			name = Release;
		};
		5584A26B29093EB600A2E0DA /* Debug */ = {
			isa = XCBuildConfiguration;
			baseConfigurationReference = 72D0E7158839033B063060AF /* Pods-SpentStorage.debug.xcconfig */;
			buildSettings = {
				ASSETCATALOG_COMPILER_APPICON_NAME = AppIcon;
				ASSETCATALOG_COMPILER_GLOBAL_ACCENT_COLOR_NAME = AccentColor;
				CODE_SIGN_STYLE = Automatic;
				CURRENT_PROJECT_VERSION = 1;
				DEVELOPMENT_TEAM = XKXAY3E6D2;
				GENERATE_INFOPLIST_FILE = YES;
				INFOPLIST_FILE = SpentStorage/Info.plist;
				INFOPLIST_KEY_CFBundleDisplayName = "Spent Storage";
				INFOPLIST_KEY_UIApplicationSupportsIndirectInputEvents = YES;
				INFOPLIST_KEY_UILaunchStoryboardName = LaunchScreen;
				INFOPLIST_KEY_UISupportedInterfaceOrientations = UIInterfaceOrientationPortrait;
				INFOPLIST_KEY_UISupportedInterfaceOrientations_iPad = "UIInterfaceOrientationPortrait UIInterfaceOrientationPortraitUpsideDown UIInterfaceOrientationLandscapeLeft UIInterfaceOrientationLandscapeRight";
				INFOPLIST_KEY_UISupportedInterfaceOrientations_iPhone = "UIInterfaceOrientationPortrait UIInterfaceOrientationLandscapeLeft UIInterfaceOrientationLandscapeRight";
				IPHONEOS_DEPLOYMENT_TARGET = 14.0;
				LD_RUNPATH_SEARCH_PATHS = (
					"$(inherited)",
					"@executable_path/Frameworks",
				);
				MARKETING_VERSION = 1.0;
				PRODUCT_BUNDLE_IDENTIFIER = perevedniuc.SpentStorage;
				PRODUCT_NAME = "$(TARGET_NAME)";
				SWIFT_EMIT_LOC_STRINGS = YES;
				SWIFT_VERSION = 5.0;
				TARGETED_DEVICE_FAMILY = 1;
			};
			name = Debug;
		};
		5584A26C29093EB600A2E0DA /* Release */ = {
			isa = XCBuildConfiguration;
			baseConfigurationReference = 7F332EE1FBB24BEA0AD7F6F4 /* Pods-SpentStorage.release.xcconfig */;
			buildSettings = {
				ASSETCATALOG_COMPILER_APPICON_NAME = AppIcon;
				ASSETCATALOG_COMPILER_GLOBAL_ACCENT_COLOR_NAME = AccentColor;
				CODE_SIGN_STYLE = Automatic;
				CURRENT_PROJECT_VERSION = 1;
				DEVELOPMENT_TEAM = XKXAY3E6D2;
				GENERATE_INFOPLIST_FILE = YES;
				INFOPLIST_FILE = SpentStorage/Info.plist;
				INFOPLIST_KEY_CFBundleDisplayName = "Spent Storage";
				INFOPLIST_KEY_UIApplicationSupportsIndirectInputEvents = YES;
				INFOPLIST_KEY_UILaunchStoryboardName = LaunchScreen;
				INFOPLIST_KEY_UISupportedInterfaceOrientations = UIInterfaceOrientationPortrait;
				INFOPLIST_KEY_UISupportedInterfaceOrientations_iPad = "UIInterfaceOrientationPortrait UIInterfaceOrientationPortraitUpsideDown UIInterfaceOrientationLandscapeLeft UIInterfaceOrientationLandscapeRight";
				INFOPLIST_KEY_UISupportedInterfaceOrientations_iPhone = "UIInterfaceOrientationPortrait UIInterfaceOrientationLandscapeLeft UIInterfaceOrientationLandscapeRight";
				IPHONEOS_DEPLOYMENT_TARGET = 14.0;
				LD_RUNPATH_SEARCH_PATHS = (
					"$(inherited)",
					"@executable_path/Frameworks",
				);
				MARKETING_VERSION = 1.0;
				PRODUCT_BUNDLE_IDENTIFIER = perevedniuc.SpentStorage;
				PRODUCT_NAME = "$(TARGET_NAME)";
				SWIFT_EMIT_LOC_STRINGS = YES;
				SWIFT_VERSION = 5.0;
				TARGETED_DEVICE_FAMILY = 1;
			};
			name = Release;
		};
/* End XCBuildConfiguration section */

/* Begin XCConfigurationList section */
		5584A24E29093EB500A2E0DA /* Build configuration list for PBXProject "SpentStorage" */ = {
			isa = XCConfigurationList;
			buildConfigurations = (
				5584A26829093EB600A2E0DA /* Debug */,
				5584A26929093EB600A2E0DA /* Release */,
			);
			defaultConfigurationIsVisible = 0;
			defaultConfigurationName = Release;
		};
		5584A26A29093EB600A2E0DA /* Build configuration list for PBXNativeTarget "SpentStorage" */ = {
			isa = XCConfigurationList;
			buildConfigurations = (
				5584A26B29093EB600A2E0DA /* Debug */,
				5584A26C29093EB600A2E0DA /* Release */,
			);
			defaultConfigurationIsVisible = 0;
			defaultConfigurationName = Release;
		};
/* End XCConfigurationList section */

/* Begin XCVersionGroup section */
		5584A25F29093EB500A2E0DA /* SpentStorage.xcdatamodeld */ = {
			isa = XCVersionGroup;
			children = (
				5584A26029093EB500A2E0DA /* SpentStorage.xcdatamodel */,
			);
			currentVersion = 5584A26029093EB500A2E0DA /* SpentStorage.xcdatamodel */;
			path = SpentStorage.xcdatamodeld;
			sourceTree = "<group>";
			versionGroupType = wrapper.xcdatamodel;
		};
/* End XCVersionGroup section */
	};
	rootObject = 5584A24B29093EB500A2E0DA /* Project object */;
}
